
Microsoft Visual Studio Solution File, Format Version 12.00
# Visual Studio 14
VisualStudioVersion = 14.0.25420.1
MinimumVisualStudioVersion = 10.0.40219.1
Project("{FAE04EC0-301F-11D3-BF4B-00C04F79EFBC}") = "FilesConverter", "ConsoleApplication1\FilesConverter.csproj", "{FD4BDDB6-6B4A-46A2-93C5-3EC4E592A7EA}"
EndProject
Project("{FAE04EC0-301F-11D3-BF4B-00C04F79EFBC}") = "FilesConverter.Generator", "FilesConverter.Generator\FilesConverter.Generator.csproj", "{D3302ABD-186A-4000-B601-BB3D5248AE62}"
EndProject
Project("{FAE04EC0-301F-11D3-BF4B-00C04F79EFBC}") = "FilesConverter.Demo", "FilesConverter.Demo\FilesConverter.Demo.csproj", "{1E305D3A-2AD4-48A3-9BAB-0A819AB42E19}"
EndProject
Project("{FAE04EC0-301F-11D3-BF4B-00C04F79EFBC}") = "FilesConverter.Test", "FilesConverter.Test\FilesConverter.Test.csproj", "{108F65DA-F0C8-4E35-B42B-9307703F262F}"
EndProject
Global
	GlobalSection(SolutionConfigurationPlatforms) = preSolution
		Debug|Any CPU = Debug|Any CPU
		Release|Any CPU = Release|Any CPU
	EndGlobalSection
	GlobalSection(ProjectConfigurationPlatforms) = postSolution
		{FD4BDDB6-6B4A-46A2-93C5-3EC4E592A7EA}.Debug|Any CPU.ActiveCfg = Debug|Any CPU
		{FD4BDDB6-6B4A-46A2-93C5-3EC4E592A7EA}.Debug|Any CPU.Build.0 = Debug|Any CPU
		{FD4BDDB6-6B4A-46A2-93C5-3EC4E592A7EA}.Release|Any CPU.ActiveCfg = Release|Any CPU
		{FD4BDDB6-6B4A-46A2-93C5-3EC4E592A7EA}.Release|Any CPU.Build.0 = Release|Any CPU
		{D3302ABD-186A-4000-B601-BB3D5248AE62}.Debug|Any CPU.ActiveCfg = Debug|Any CPU
		{D3302ABD-186A-4000-B601-BB3D5248AE62}.Debug|Any CPU.Build.0 = Debug|Any CPU
		{D3302ABD-186A-4000-B601-BB3D5248AE62}.Release|Any CPU.ActiveCfg = Release|Any CPU
		{D3302ABD-186A-4000-B601-BB3D5248AE62}.Release|Any CPU.Build.0 = Release|Any CPU
		{1E305D3A-2AD4-48A3-9BAB-0A819AB42E19}.Debug|Any CPU.ActiveCfg = Debug|Any CPU
		{1E305D3A-2AD4-48A3-9BAB-0A819AB42E19}.Debug|Any CPU.Build.0 = Debug|Any CPU
		{1E305D3A-2AD4-48A3-9BAB-0A819AB42E19}.Release|Any CPU.ActiveCfg = Release|Any CPU
		{1E305D3A-2AD4-48A3-9BAB-0A819AB42E19}.Release|Any CPU.Build.0 = Release|Any CPU
		{108F65DA-F0C8-4E35-B42B-9307703F262F}.Debug|Any CPU.ActiveCfg = Debug|Any CPU
		{108F65DA-F0C8-4E35-B42B-9307703F262F}.Debug|Any CPU.Build.0 = Debug|Any CPU
		{108F65DA-F0C8-4E35-B42B-9307703F262F}.Release|Any CPU.ActiveCfg = Release|Any CPU
		{108F65DA-F0C8-4E35-B42B-9307703F262F}.Release|Any CPU.Build.0 = Release|Any CPU
	EndGlobalSection
	GlobalSection(SolutionProperties) = preSolution
		HideSolutionNode = FALSE
	EndGlobalSection
EndGlobal
